{
  "name": "Enactment-experiment",
  "lockfileVersion": 3,
  "requires": true,
  "packages": {
    "": {
      "dependencies": {
        "findskills": "^0.2.4"
      }
    },
    "node_modules/findskills": {
      "version": "0.2.4",
      "resolved": "https://registry.npmmirror.com/findskills/-/findskills-0.2.4.tgz",
      "integrity": "sha512-ILQMbS0KqZYSLBvraPnovkb1MVrBdgybdUSmmyltkQWuPpYiGRW1+sdiybeHf/dFZC5nmilLdTE7eyizM8/nOw==",
      "license": "MIT",
      "bin": {
        "findskills": "bin.js"
      },
      "engines": {
        "node": ">=18.0.0"
      }
    }
  }
}
